
Microsoft Visual Studio Solution File, Format Version 12.00
# Visual Studio 15
VisualStudioVersion = 15.0.28307.1169
MinimumVisualStudioVersion = 10.0.40219.1
Project("{8BC9CEB8-8B4A-11D0-8D11-00A0C91BC942}") = "SDL2snake", "SDL2snake\SDL2snake.vcxproj", "{98151738-2D4E-45E5-ACE6-35F2B2361291}"
EndProject
Global
	GlobalSection(SolutionConfigurationPlatforms) = preSolution
		Debug|x64 = Debug|x64
		Debug|x86 = Debug|x86
		Release|x64 = Release|x64
		Release|x86 = Release|x86
	EndGlobalSection
	GlobalSection(ProjectConfigurationPlatforms) = postSolution
		{98151738-2D4E-45E5-ACE6-35F2B2361291}.Debug|x64.ActiveCfg = Debug|x64
		{98151738-2D4E-45E5-ACE6-35F2B2361291}.Debug|x64.Build.0 = Debug|x64
		{98151738-2D4E-45E5-ACE6-35F2B2361291}.Debug|x86.ActiveCfg = Debug|Win32
		{98151738-2D4E-45E5-ACE6-35F2B2361291}.Debug|x86.Build.0 = Debug|Win32
		{98151738-2D4E-45E5-ACE6-35F2B2361291}.Release|x64.ActiveCfg = Release|x64
		{98151738-2D4E-45E5-ACE6-35F2B2361291}.Release|x64.Build.0 = Release|x64
		{98151738-2D4E-45E5-ACE6-35F2B2361291}.Release|x86.ActiveCfg = Release|Win32
		{98151738-2D4E-45E5-ACE6-35F2B2361291}.Release|x86.Build.0 = Release|Win32
	EndGlobalSection
	GlobalSection(SolutionProperties) = preSolution
		HideSolutionNode = FALSE
	EndGlobalSection
	GlobalSection(ExtensibilityGlobals) = postSolution
		SolutionGuid = {18B44E85-8854-43CD-81BC-135CD3251BC9}
	EndGlobalSection
EndGlobal
